
Microsoft Visual Studio Solution File, Format Version 12.00
# Visual Studio 14
VisualStudioVersion = 14.0.25420.1
MinimumVisualStudioVersion = 10.0.40219.1
Project("{FAE04EC0-301F-11D3-BF4B-00C04F79EFBC}") = "CSharpBrotli", "CSharpBrotli\CSharpBrotli.csproj", "{50443CB1-3712-49A1-BBF8-91A31D0C4BA1}"
EndProject
Project("{FAE04EC0-301F-11D3-BF4B-00C04F79EFBC}") = "CSharpBrotliTest", "CSharpBrotliTest\CSharpBrotliTest.csproj", "{AE8BE423-ACAB-47D7-AD71-771773C47652}"
EndProject
Project("{FAE04EC0-301F-11D3-BF4B-00C04F79EFBC}") = "ICSharpCode.SharpZLib", "..\..\..\..\Visual Studio 2015\Projects\SrcSamples\src\ICSharpCode.SharpZLib.csproj", "{0E7413FF-EB9E-4714-ACF2-BE3A6A7B2FFD}"
EndProject
Global
	GlobalSection(SolutionConfigurationPlatforms) = preSolution
		Debug|Any CPU = Debug|Any CPU
		Release|Any CPU = Release|Any CPU
	EndGlobalSection
	GlobalSection(ProjectConfigurationPlatforms) = postSolution
		{50443CB1-3712-49A1-BBF8-91A31D0C4BA1}.Debug|Any CPU.ActiveCfg = Debug|Any CPU
		{50443CB1-3712-49A1-BBF8-91A31D0C4BA1}.Debug|Any CPU.Build.0 = Debug|Any CPU
		{50443CB1-3712-49A1-BBF8-91A31D0C4BA1}.Release|Any CPU.ActiveCfg = Release|Any CPU
		{50443CB1-3712-49A1-BBF8-91A31D0C4BA1}.Release|Any CPU.Build.0 = Release|Any CPU
		{AE8BE423-ACAB-47D7-AD71-771773C47652}.Debug|Any CPU.ActiveCfg = Debug|Any CPU
		{AE8BE423-ACAB-47D7-AD71-771773C47652}.Debug|Any CPU.Build.0 = Debug|Any CPU
		{AE8BE423-ACAB-47D7-AD71-771773C47652}.Release|Any CPU.ActiveCfg = Release|Any CPU
		{AE8BE423-ACAB-47D7-AD71-771773C47652}.Release|Any CPU.Build.0 = Release|Any CPU
		{0E7413FF-EB9E-4714-ACF2-BE3A6A7B2FFD}.Debug|Any CPU.ActiveCfg = Debug|Any CPU
		{0E7413FF-EB9E-4714-ACF2-BE3A6A7B2FFD}.Debug|Any CPU.Build.0 = Debug|Any CPU
		{0E7413FF-EB9E-4714-ACF2-BE3A6A7B2FFD}.Release|Any CPU.ActiveCfg = Release|Any CPU
		{0E7413FF-EB9E-4714-ACF2-BE3A6A7B2FFD}.Release|Any CPU.Build.0 = Release|Any CPU
	EndGlobalSection
	GlobalSection(SolutionProperties) = preSolution
		HideSolutionNode = FALSE
	EndGlobalSection
EndGlobal
