<?xml version="1.0" encoding="utf-8"?>
<Project ToolsVersion="4.0" xmlns="http://schemas.microsoft.com/developer/msbuild/2003">
  <ItemGroup>
    <Filter Include="Quelldateien">
      <UniqueIdentifier>{4FC737F1-C7A5-4376-A066-2A32D752A2FF}</UniqueIdentifier>
      <Extensions>cpp;c;cc;cxx;def;odl;idl;hpj;bat;asm;asmx</Extensions>
    </Filter>
    <Filter Include="Headerdateien">
      <UniqueIdentifier>{93995380-89BD-4b04-88EB-625FBE52EBFB}</UniqueIdentifier>
      <Extensions>h;hh;hpp;hxx;hm;inl;inc;xsd</Extensions>
    </Filter>
    <Filter Include="Ressourcendateien">
      <UniqueIdentifier>{67DA6AB6-F800-4c08-8B7A-83BB121AAD01}</UniqueIdentifier>
      <Extensions>rc;ico;cur;bmp;dlg;rc2;rct;bin;rgs;gif;jpg;jpeg;jpe;resx;tiff;tif;png;wav;mfcribbon-ms</Extensions>
    </Filter>
  </ItemGroup>
  <ItemGroup>
    <ClCompile Include="bro.cc">
      <Filter>Quelldateien</Filter>
    </ClCompile>
    <ClCompile Include="..\dec\bit_reader.c">
      <Filter>Headerdateien</Filter>
    </ClCompile>
    <ClCompile Include="..\dec\decode.c">
      <Filter>Headerdateien</Filter>
    </ClCompile>
    <ClCompile Include="..\dec\huffman.c">
      <Filter>Headerdateien</Filter>
    </ClCompile>
    <ClCompile Include="..\dec\state.c">
      <Filter>Headerdateien</Filter>
    </ClCompile>
    <ClCompile Include="..\dec\streams.c">
      <Filter>Headerdateien</Filter>
    </ClCompile>
    <ClCompile Include="..\enc\backward_references.cc">
      <Filter>Headerdateien</Filter>
    </ClCompile>
    <ClCompile Include="..\enc\block_splitter.cc">
      <Filter>Headerdateien</Filter>
    </ClCompile>
    <ClCompile Include="..\enc\brotli_bit_stream.cc">
      <Filter>Headerdateien</Filter>
    </ClCompile>
    <ClCompile Include="..\enc\encode.cc">
      <Filter>Headerdateien</Filter>
    </ClCompile>
    <ClCompile Include="..\enc\encode_parallel.cc">
      <Filter>Headerdateien</Filter>
    </ClCompile>
    <ClCompile Include="..\enc\entropy_encode.cc">
      <Filter>Headerdateien</Filter>
    </ClCompile>
    <ClCompile Include="..\enc\histogram.cc">
      <Filter>Headerdateien</Filter>
    </ClCompile>
    <ClCompile Include="..\enc\literal_cost.cc">
      <Filter>Headerdateien</Filter>
    </ClCompile>
    <ClCompile Include="..\enc\metablock.cc">
      <Filter>Headerdateien</Filter>
    </ClCompile>
    <ClCompile Include="..\enc\static_dict.cc">
      <Filter>Headerdateien</Filter>
    </ClCompile>
    <ClCompile Include="..\enc\streams.cc">
      <Filter>Headerdateien</Filter>
    </ClCompile>
  </ItemGroup>
  <ItemGroup>
    <ClInclude Include="..\dec\bit_reader.h">
      <Filter>Headerdateien</Filter>
    </ClInclude>
    <ClInclude Include="..\dec\context.h">
      <Filter>Headerdateien</Filter>
    </ClInclude>
    <ClInclude Include="..\dec\decode.h">
      <Filter>Headerdateien</Filter>
    </ClInclude>
    <ClInclude Include="..\dec\dictionary.h">
      <Filter>Headerdateien</Filter>
    </ClInclude>
    <ClInclude Include="..\dec\huffman.h">
      <Filter>Headerdateien</Filter>
    </ClInclude>
    <ClInclude Include="..\dec\port.h">
      <Filter>Headerdateien</Filter>
    </ClInclude>
    <ClInclude Include="..\dec\prefix.h">
      <Filter>Headerdateien</Filter>
    </ClInclude>
    <ClInclude Include="..\dec\state.h">
      <Filter>Headerdateien</Filter>
    </ClInclude>
    <ClInclude Include="..\dec\streams.h">
      <Filter>Headerdateien</Filter>
    </ClInclude>
    <ClInclude Include="..\dec\transform.h">
      <Filter>Headerdateien</Filter>
    </ClInclude>
    <ClInclude Include="..\dec\types.h">
      <Filter>Headerdateien</Filter>
    </ClInclude>
    <ClInclude Include="..\enc\backward_references.h">
      <Filter>Headerdateien</Filter>
    </ClInclude>
    <ClInclude Include="..\enc\bit_cost.h">
      <Filter>Headerdateien</Filter>
    </ClInclude>
    <ClInclude Include="..\enc\block_splitter.h">
      <Filter>Headerdateien</Filter>
    </ClInclude>
    <ClInclude Include="..\enc\brotli_bit_stream.h">
      <Filter>Headerdateien</Filter>
    </ClInclude>
    <ClInclude Include="..\enc\cluster.h">
      <Filter>Headerdateien</Filter>
    </ClInclude>
    <ClInclude Include="..\enc\command.h">
      <Filter>Headerdateien</Filter>
    </ClInclude>
    <ClInclude Include="..\enc\context.h">
      <Filter>Headerdateien</Filter>
    </ClInclude>
    <ClInclude Include="..\enc\dictionary.h">
      <Filter>Headerdateien</Filter>
    </ClInclude>
    <ClInclude Include="..\enc\dictionary_hash.h">
      <Filter>Headerdateien</Filter>
    </ClInclude>
    <ClInclude Include="..\enc\encode.h">
      <Filter>Headerdateien</Filter>
    </ClInclude>
    <ClInclude Include="..\enc\encode_parallel.h">
      <Filter>Headerdateien</Filter>
    </ClInclude>
    <ClInclude Include="..\enc\entropy_encode.h">
      <Filter>Headerdateien</Filter>
    </ClInclude>
    <ClInclude Include="..\enc\fast_log.h">
      <Filter>Headerdateien</Filter>
    </ClInclude>
    <ClInclude Include="..\enc\find_match_length.h">
      <Filter>Headerdateien</Filter>
    </ClInclude>
    <ClInclude Include="..\enc\hash.h">
      <Filter>Headerdateien</Filter>
    </ClInclude>
    <ClInclude Include="..\enc\histogram.h">
      <Filter>Headerdateien</Filter>
    </ClInclude>
    <ClInclude Include="..\enc\literal_cost.h">
      <Filter>Headerdateien</Filter>
    </ClInclude>
    <ClInclude Include="..\enc\metablock.h">
      <Filter>Headerdateien</Filter>
    </ClInclude>
    <ClInclude Include="..\enc\port.h">
      <Filter>Headerdateien</Filter>
    </ClInclude>
    <ClInclude Include="..\enc\prefix.h">
      <Filter>Headerdateien</Filter>
    </ClInclude>
    <ClInclude Include="..\enc\ringbuffer.h">
      <Filter>Headerdateien</Filter>
    </ClInclude>
    <ClInclude Include="..\enc\static_dict.h">
      <Filter>Headerdateien</Filter>
    </ClInclude>
    <ClInclude Include="..\enc\static_dict_lut.h">
      <Filter>Headerdateien</Filter>
    </ClInclude>
    <ClInclude Include="..\enc\streams.h">
      <Filter>Headerdateien</Filter>
    </ClInclude>
    <ClInclude Include="..\enc\transform.h">
      <Filter>Headerdateien</Filter>
    </ClInclude>
    <ClInclude Include="..\enc\write_bits.h">
      <Filter>Headerdateien</Filter>
    </ClInclude>
  </ItemGroup>
</Project>